
Microsoft Visual Studio Solution File, Format Version 12.00
# Visual Studio Version 17
VisualStudioVersion = 17.10.34916.146
MinimumVisualStudioVersion = 10.0.40219.1
Project("{FAE04EC0-301F-11D3-BF4B-00C04F79EFBC}") = "AW23_PRRPRR01_09_Endimensionella", "AW23_PRRPRR01_09_Endimensionella\AW23_PRRPRR01_09_Endimensionella.csproj", "{7FE2E794-9FE4-47B1-B660-5013D7DF0511}"
EndProject
Global
	GlobalSection(SolutionConfigurationPlatforms) = preSolution
		Debug|Any CPU = Debug|Any CPU
		Release|Any CPU = Release|Any CPU
	EndGlobalSection
	GlobalSection(ProjectConfigurationPlatforms) = postSolution
		{7FE2E794-9FE4-47B1-B660-5013D7DF0511}.Debug|Any CPU.ActiveCfg = Debug|Any CPU
		{7FE2E794-9FE4-47B1-B660-5013D7DF0511}.Debug|Any CPU.Build.0 = Debug|Any CPU
		{7FE2E794-9FE4-47B1-B660-5013D7DF0511}.Release|Any CPU.ActiveCfg = Release|Any CPU
		{7FE2E794-9FE4-47B1-B660-5013D7DF0511}.Release|Any CPU.Build.0 = Release|Any CPU
	EndGlobalSection
	GlobalSection(SolutionProperties) = preSolution
		HideSolutionNode = FALSE
	EndGlobalSection
	GlobalSection(ExtensibilityGlobals) = postSolution
		SolutionGuid = {C3EA2071-6310-4D1B-AD9F-6C8498CEFD0A}
	EndGlobalSection
EndGlobal
